
Microsoft Visual Studio Solution File, Format Version 12.00
# Visual Studio Version 17
VisualStudioVersion = 17.1.32210.238
MinimumVisualStudioVersion = 10.0.40219.1
Project("{FAE04EC0-301F-11D3-BF4B-00C04F79EFBC}") = "MinimalAPIDemo", "MinimalAPIDemo\MinimalAPIDemo.csproj", "{E731CAB3-10C2-4249-8E4B-7A096366EF02}"
EndProject
Global
	GlobalSection(SolutionConfigurationPlatforms) = preSolution
		Debug|Any CPU = Debug|Any CPU
		Release|Any CPU = Release|Any CPU
	EndGlobalSection
	GlobalSection(ProjectConfigurationPlatforms) = postSolution
		{E731CAB3-10C2-4249-8E4B-7A096366EF02}.Debug|Any CPU.ActiveCfg = Debug|Any CPU
		{E731CAB3-10C2-4249-8E4B-7A096366EF02}.Debug|Any CPU.Build.0 = Debug|Any CPU
		{E731CAB3-10C2-4249-8E4B-7A096366EF02}.Release|Any CPU.ActiveCfg = Release|Any CPU
		{E731CAB3-10C2-4249-8E4B-7A096366EF02}.Release|Any CPU.Build.0 = Release|Any CPU
	EndGlobalSection
	GlobalSection(SolutionProperties) = preSolution
		HideSolutionNode = FALSE
	EndGlobalSection
	GlobalSection(ExtensibilityGlobals) = postSolution
		SolutionGuid = {426DF1F7-4EF7-48B5-BE92-708D14BF6DB3}
	EndGlobalSection
EndGlobal
